
Microsoft Visual Studio Solution File, Format Version 12.00
# Visual Studio 15
VisualStudioVersion = 15.0.27703.2000
MinimumVisualStudioVersion = 10.0.40219.1
Project("{9A19103F-16F7-4668-BE54-9A1E7A4F7556}") = "RoundRobinTournament", "RoundRobinTournament\RoundRobinTournament.csproj", "{5CCB3ED5-D366-40A8-BA7C-2C28383F039C}"
EndProject
Project("{FAE04EC0-301F-11D3-BF4B-00C04F79EFBC}") = "Greedy", "Greedy\Greedy.csproj", "{BDC736D5-9EC6-4276-9ACF-248AE399B69E}"
EndProject
Global
	GlobalSection(SolutionConfigurationPlatforms) = preSolution
		Debug|Any CPU = Debug|Any CPU
		Release|Any CPU = Release|Any CPU
	EndGlobalSection
	GlobalSection(ProjectConfigurationPlatforms) = postSolution
		{5CCB3ED5-D366-40A8-BA7C-2C28383F039C}.Debug|Any CPU.ActiveCfg = Debug|Any CPU
		{5CCB3ED5-D366-40A8-BA7C-2C28383F039C}.Debug|Any CPU.Build.0 = Debug|Any CPU
		{5CCB3ED5-D366-40A8-BA7C-2C28383F039C}.Release|Any CPU.ActiveCfg = Release|Any CPU
		{5CCB3ED5-D366-40A8-BA7C-2C28383F039C}.Release|Any CPU.Build.0 = Release|Any CPU
		{BDC736D5-9EC6-4276-9ACF-248AE399B69E}.Debug|Any CPU.ActiveCfg = Debug|Any CPU
		{BDC736D5-9EC6-4276-9ACF-248AE399B69E}.Debug|Any CPU.Build.0 = Debug|Any CPU
		{BDC736D5-9EC6-4276-9ACF-248AE399B69E}.Release|Any CPU.ActiveCfg = Release|Any CPU
		{BDC736D5-9EC6-4276-9ACF-248AE399B69E}.Release|Any CPU.Build.0 = Release|Any CPU
	EndGlobalSection
	GlobalSection(SolutionProperties) = preSolution
		HideSolutionNode = FALSE
	EndGlobalSection
	GlobalSection(ExtensibilityGlobals) = postSolution
		SolutionGuid = {505C2EC8-1CD4-4EF2-BED1-E894CAEDC2AF}
	EndGlobalSection
EndGlobal
